
Microsoft Visual Studio Solution File, Format Version 12.00
# Visual Studio Version 17
VisualStudioVersion = 17.12.35728.132
MinimumVisualStudioVersion = 10.0.40219.1
Project("{FAE04EC0-301F-11D3-BF4B-00C04F79EFBC}") = "Unsafe-space-travels.Desktop", "Unsafe-space-travels.Desktop\Unsafe-space-travels.Desktop.csproj", "{D6A7EF8F-0D68-BE0D-A3C5-92843266A78A}"
EndProject
Project("{2150E333-8FDC-42A3-9474-1A3956D46DE8}") = "Projektmappenelemente", "Projektmappenelemente", "{84D27F74-D2BA-6C25-2661-968F101900D9}"
	ProjectSection(SolutionItems) = preProject
		LICENSE = LICENSE
		README.md = README.md
	EndProjectSection
EndProject
Global
	GlobalSection(SolutionConfigurationPlatforms) = preSolution
		Debug|Any CPU = Debug|Any CPU
		Release|Any CPU = Release|Any CPU
	EndGlobalSection
	GlobalSection(ProjectConfigurationPlatforms) = postSolution
		{D6A7EF8F-0D68-BE0D-A3C5-92843266A78A}.Debug|Any CPU.ActiveCfg = Debug|Any CPU
		{D6A7EF8F-0D68-BE0D-A3C5-92843266A78A}.Debug|Any CPU.Build.0 = Debug|Any CPU
		{D6A7EF8F-0D68-BE0D-A3C5-92843266A78A}.Release|Any CPU.ActiveCfg = Release|Any CPU
		{D6A7EF8F-0D68-BE0D-A3C5-92843266A78A}.Release|Any CPU.Build.0 = Release|Any CPU
	EndGlobalSection
	GlobalSection(SolutionProperties) = preSolution
		HideSolutionNode = FALSE
	EndGlobalSection
	GlobalSection(ExtensibilityGlobals) = postSolution
		SolutionGuid = {263A4EB6-39E1-4AFA-AAD0-4894CEC3DCB9}
	EndGlobalSection
EndGlobal
